
Microsoft Visual Studio Solution File, Format Version 12.00
# Visual Studio 15
VisualStudioVersion = 15.0.26730.16
MinimumVisualStudioVersion = 10.0.40219.1
Project("{FAE04EC0-301F-11D3-BF4B-00C04F79EFBC}") = "EventsAndDelegates", "EventsAndDelegates\EventsAndDelegates.csproj", "{220D4F29-3712-45B9-B8EB-F9B032D66914}"
EndProject
Global
	GlobalSection(SolutionConfigurationPlatforms) = preSolution
		Debug|Any CPU = Debug|Any CPU
		Release|Any CPU = Release|Any CPU
	EndGlobalSection
	GlobalSection(ProjectConfigurationPlatforms) = postSolution
		{220D4F29-3712-45B9-B8EB-F9B032D66914}.Debug|Any CPU.ActiveCfg = Debug|Any CPU
		{220D4F29-3712-45B9-B8EB-F9B032D66914}.Debug|Any CPU.Build.0 = Debug|Any CPU
		{220D4F29-3712-45B9-B8EB-F9B032D66914}.Release|Any CPU.ActiveCfg = Release|Any CPU
		{220D4F29-3712-45B9-B8EB-F9B032D66914}.Release|Any CPU.Build.0 = Release|Any CPU
	EndGlobalSection
	GlobalSection(SolutionProperties) = preSolution
		HideSolutionNode = FALSE
	EndGlobalSection
	GlobalSection(ExtensibilityGlobals) = postSolution
		SolutionGuid = {306D1F7F-1BBC-4AF9-A9A7-34751141E370}
	EndGlobalSection
EndGlobal
